
Microsoft Visual Studio Solution File, Format Version 12.00
# Visual Studio Version 17
VisualStudioVersion = 17.1.32210.238
MinimumVisualStudioVersion = 10.0.40219.1
Project("{FAE04EC0-301F-11D3-BF4B-00C04F79EFBC}") = "ListaSimples", "ListaSimples\ListaSimples.csproj", "{C81A46CF-1477-47D3-A20A-F34EF1A7F08B}"
EndProject
Global
	GlobalSection(SolutionConfigurationPlatforms) = preSolution
		Debug|Any CPU = Debug|Any CPU
		Release|Any CPU = Release|Any CPU
	EndGlobalSection
	GlobalSection(ProjectConfigurationPlatforms) = postSolution
		{C81A46CF-1477-47D3-A20A-F34EF1A7F08B}.Debug|Any CPU.ActiveCfg = Debug|Any CPU
		{C81A46CF-1477-47D3-A20A-F34EF1A7F08B}.Debug|Any CPU.Build.0 = Debug|Any CPU
		{C81A46CF-1477-47D3-A20A-F34EF1A7F08B}.Release|Any CPU.ActiveCfg = Release|Any CPU
		{C81A46CF-1477-47D3-A20A-F34EF1A7F08B}.Release|Any CPU.Build.0 = Release|Any CPU
	EndGlobalSection
	GlobalSection(SolutionProperties) = preSolution
		HideSolutionNode = FALSE
	EndGlobalSection
	GlobalSection(ExtensibilityGlobals) = postSolution
		SolutionGuid = {CD256D90-81A2-4BA1-845B-9DF69825E7F2}
	EndGlobalSection
EndGlobal
