
Microsoft Visual Studio Solution File, Format Version 12.00
# Visual Studio Version 17
VisualStudioVersion = 17.1.32210.238
MinimumVisualStudioVersion = 10.0.40219.1
Project("{FAE04EC0-301F-11D3-BF4B-00C04F79EFBC}") = "Leitura", "Leitura\Leitura.csproj", "{750264A0-E3E3-4A3B-A301-087E9C31F701}"
EndProject
Global
	GlobalSection(SolutionConfigurationPlatforms) = preSolution
		Debug|Any CPU = Debug|Any CPU
		Release|Any CPU = Release|Any CPU
	EndGlobalSection
	GlobalSection(ProjectConfigurationPlatforms) = postSolution
		{750264A0-E3E3-4A3B-A301-087E9C31F701}.Debug|Any CPU.ActiveCfg = Debug|Any CPU
		{750264A0-E3E3-4A3B-A301-087E9C31F701}.Debug|Any CPU.Build.0 = Debug|Any CPU
		{750264A0-E3E3-4A3B-A301-087E9C31F701}.Release|Any CPU.ActiveCfg = Release|Any CPU
		{750264A0-E3E3-4A3B-A301-087E9C31F701}.Release|Any CPU.Build.0 = Release|Any CPU
	EndGlobalSection
	GlobalSection(SolutionProperties) = preSolution
		HideSolutionNode = FALSE
	EndGlobalSection
	GlobalSection(ExtensibilityGlobals) = postSolution
		SolutionGuid = {F6201819-A9E5-4EF0-9791-35FE87EF4589}
	EndGlobalSection
EndGlobal
