
Microsoft Visual Studio Solution File, Format Version 12.00
# Visual Studio Version 17
VisualStudioVersion = 17.1.32210.238
MinimumVisualStudioVersion = 10.0.40219.1
Project("{FAE04EC0-301F-11D3-BF4B-00C04F79EFBC}") = "Metodos", "Metodos\Metodos.csproj", "{45F9107F-5E95-4290-8D73-498D90B273B6}"
EndProject
Global
	GlobalSection(SolutionConfigurationPlatforms) = preSolution
		Debug|Any CPU = Debug|Any CPU
		Release|Any CPU = Release|Any CPU
	EndGlobalSection
	GlobalSection(ProjectConfigurationPlatforms) = postSolution
		{45F9107F-5E95-4290-8D73-498D90B273B6}.Debug|Any CPU.ActiveCfg = Debug|Any CPU
		{45F9107F-5E95-4290-8D73-498D90B273B6}.Debug|Any CPU.Build.0 = Debug|Any CPU
		{45F9107F-5E95-4290-8D73-498D90B273B6}.Release|Any CPU.ActiveCfg = Release|Any CPU
		{45F9107F-5E95-4290-8D73-498D90B273B6}.Release|Any CPU.Build.0 = Release|Any CPU
	EndGlobalSection
	GlobalSection(SolutionProperties) = preSolution
		HideSolutionNode = FALSE
	EndGlobalSection
	GlobalSection(ExtensibilityGlobals) = postSolution
		SolutionGuid = {B2184CDF-9FF8-4BD3-BDA6-528BE5CD2E4C}
	EndGlobalSection
EndGlobal
