
Microsoft Visual Studio Solution File, Format Version 12.00
# Visual Studio Version 17
VisualStudioVersion = 17.1.32210.238
MinimumVisualStudioVersion = 10.0.40219.1
Project("{FAE04EC0-301F-11D3-BF4B-00C04F79EFBC}") = "Condicional", "Condicional\Condicional.csproj", "{338FFBE9-8612-4662-8699-E0EB32076183}"
EndProject
Global
	GlobalSection(SolutionConfigurationPlatforms) = preSolution
		Debug|Any CPU = Debug|Any CPU
		Release|Any CPU = Release|Any CPU
	EndGlobalSection
	GlobalSection(ProjectConfigurationPlatforms) = postSolution
		{338FFBE9-8612-4662-8699-E0EB32076183}.Debug|Any CPU.ActiveCfg = Debug|Any CPU
		{338FFBE9-8612-4662-8699-E0EB32076183}.Debug|Any CPU.Build.0 = Debug|Any CPU
		{338FFBE9-8612-4662-8699-E0EB32076183}.Release|Any CPU.ActiveCfg = Release|Any CPU
		{338FFBE9-8612-4662-8699-E0EB32076183}.Release|Any CPU.Build.0 = Release|Any CPU
	EndGlobalSection
	GlobalSection(SolutionProperties) = preSolution
		HideSolutionNode = FALSE
	EndGlobalSection
	GlobalSection(ExtensibilityGlobals) = postSolution
		SolutionGuid = {C4C980AF-F9A0-46A6-BFC7-15C36792CC30}
	EndGlobalSection
EndGlobal
