
Microsoft Visual Studio Solution File, Format Version 12.00
# Visual Studio Version 17
VisualStudioVersion = 17.1.32210.238
MinimumVisualStudioVersion = 10.0.40219.1
Project("{FAE04EC0-301F-11D3-BF4B-00C04F79EFBC}") = "String", "String\String.csproj", "{73BD63D5-8DBC-416F-8EA8-D3DF9F3BFD88}"
EndProject
Global
	GlobalSection(SolutionConfigurationPlatforms) = preSolution
		Debug|Any CPU = Debug|Any CPU
		Release|Any CPU = Release|Any CPU
	EndGlobalSection
	GlobalSection(ProjectConfigurationPlatforms) = postSolution
		{73BD63D5-8DBC-416F-8EA8-D3DF9F3BFD88}.Debug|Any CPU.ActiveCfg = Debug|Any CPU
		{73BD63D5-8DBC-416F-8EA8-D3DF9F3BFD88}.Debug|Any CPU.Build.0 = Debug|Any CPU
		{73BD63D5-8DBC-416F-8EA8-D3DF9F3BFD88}.Release|Any CPU.ActiveCfg = Release|Any CPU
		{73BD63D5-8DBC-416F-8EA8-D3DF9F3BFD88}.Release|Any CPU.Build.0 = Release|Any CPU
	EndGlobalSection
	GlobalSection(SolutionProperties) = preSolution
		HideSolutionNode = FALSE
	EndGlobalSection
	GlobalSection(ExtensibilityGlobals) = postSolution
		SolutionGuid = {0392B278-26FE-4AFE-B0F8-89E01FFB1AE7}
	EndGlobalSection
EndGlobal
