
Microsoft Visual Studio Solution File, Format Version 12.00
# Visual Studio Version 17
VisualStudioVersion = 17.1.32210.238
MinimumVisualStudioVersion = 10.0.40219.1
Project("{FAE04EC0-301F-11D3-BF4B-00C04F79EFBC}") = "Exceptions", "Exceptions\Exceptions.csproj", "{39A28413-C3CE-412E-A3B1-BD65836F760C}"
EndProject
Global
	GlobalSection(SolutionConfigurationPlatforms) = preSolution
		Debug|Any CPU = Debug|Any CPU
		Release|Any CPU = Release|Any CPU
	EndGlobalSection
	GlobalSection(ProjectConfigurationPlatforms) = postSolution
		{39A28413-C3CE-412E-A3B1-BD65836F760C}.Debug|Any CPU.ActiveCfg = Debug|Any CPU
		{39A28413-C3CE-412E-A3B1-BD65836F760C}.Debug|Any CPU.Build.0 = Debug|Any CPU
		{39A28413-C3CE-412E-A3B1-BD65836F760C}.Release|Any CPU.ActiveCfg = Release|Any CPU
		{39A28413-C3CE-412E-A3B1-BD65836F760C}.Release|Any CPU.Build.0 = Release|Any CPU
	EndGlobalSection
	GlobalSection(SolutionProperties) = preSolution
		HideSolutionNode = FALSE
	EndGlobalSection
	GlobalSection(ExtensibilityGlobals) = postSolution
		SolutionGuid = {FD523188-0E08-4782-93C9-C6CC66DE1500}
	EndGlobalSection
EndGlobal
